
Microsoft Visual Studio Solution File, Format Version 12.00
# Visual Studio Version 16
VisualStudioVersion = 16.0.31424.327
MinimumVisualStudioVersion = 10.0.40219.1
Project("{FAE04EC0-301F-11D3-BF4B-00C04F79EFBC}") = "SendFormDataViaEmailNoDb.Client", "SendFormDataViaEmailNoDb.Client\SendFormDataViaEmailNoDb.Client.csproj", "{630DC4EA-084E-48A5-A6A2-935D363FA868}"
EndProject
Project("{FAE04EC0-301F-11D3-BF4B-00C04F79EFBC}") = "SendFormDataViaEmailNoDb.EmailService", "SendFormDataViaEmailNoDb.EmailService\SendFormDataViaEmailNoDb.EmailService.csproj", "{4D982AF4-4A6D-4023-8F8B-719C36DED104}"
EndProject
Global
	GlobalSection(SolutionConfigurationPlatforms) = preSolution
		Debug|Any CPU = Debug|Any CPU
		Release|Any CPU = Release|Any CPU
	EndGlobalSection
	GlobalSection(ProjectConfigurationPlatforms) = postSolution
		{630DC4EA-084E-48A5-A6A2-935D363FA868}.Debug|Any CPU.ActiveCfg = Debug|Any CPU
		{630DC4EA-084E-48A5-A6A2-935D363FA868}.Debug|Any CPU.Build.0 = Debug|Any CPU
		{630DC4EA-084E-48A5-A6A2-935D363FA868}.Release|Any CPU.ActiveCfg = Release|Any CPU
		{630DC4EA-084E-48A5-A6A2-935D363FA868}.Release|Any CPU.Build.0 = Release|Any CPU
		{4D982AF4-4A6D-4023-8F8B-719C36DED104}.Debug|Any CPU.ActiveCfg = Debug|Any CPU
		{4D982AF4-4A6D-4023-8F8B-719C36DED104}.Debug|Any CPU.Build.0 = Debug|Any CPU
		{4D982AF4-4A6D-4023-8F8B-719C36DED104}.Release|Any CPU.ActiveCfg = Release|Any CPU
		{4D982AF4-4A6D-4023-8F8B-719C36DED104}.Release|Any CPU.Build.0 = Release|Any CPU
	EndGlobalSection
	GlobalSection(SolutionProperties) = preSolution
		HideSolutionNode = FALSE
	EndGlobalSection
	GlobalSection(ExtensibilityGlobals) = postSolution
		SolutionGuid = {3066D245-E526-4648-BF66-A17896AC9F51}
	EndGlobalSection
EndGlobal
